// !$*UTF8*$!
{
	archiveVersion = 1;
	classes = {
	};
	objectVersion = 60;
	objects = {

/* Begin PBXBuildFile section */
		C2133E012BACDB1700B45917 /* GBUIKit in Frameworks */ = {isa = PBXBuildFile; productRef = C2133E002BACDB1700B45917 /* GBUIKit */; };
		C2133E092BACE31200B45917 /* GameBoyEmulatorTests.swift in Sources */ = {isa = PBXBuildFile; fileRef = C2133E082BACE31200B45917 /* GameBoyEmulatorTests.swift */; };
		C285FF592BAC5C6A004860D8 /* GBKit in Frameworks */ = {isa = PBXBuildFile; productRef = C285FF582BAC5C6A004860D8 /* GBKit */; };
		C285FF5B2BAC5DC4004860D8 /* GBKit in Frameworks */ = {isa = PBXBuildFile; productRef = C285FF5A2BAC5DC4004860D8 /* GBKit */; };
		C2A55E1D2BAC5B0800FCFFD3 /* GameBoyEmulatorApp.swift in Sources */ = {isa = PBXBuildFile; fileRef = C2A55E1C2BAC5B0800FCFFD3 /* GameBoyEmulatorApp.swift */; };
		C2A55E212BAC5B0B00FCFFD3 /* Assets.xcassets in Resources */ = {isa = PBXBuildFile; fileRef = C2A55E202BAC5B0B00FCFFD3 /* Assets.xcassets */; };
		C2A55E252BAC5B0B00FCFFD3 /* Preview Assets.xcassets in Resources */ = {isa = PBXBuildFile; fileRef = C2A55E242BAC5B0B00FCFFD3 /* Preview Assets.xcassets */; };
/* End PBXBuildFile section */

/* Begin PBXContainerItemProxy section */
		C2133E0A2BACE31200B45917 /* PBXContainerItemProxy */ = {
			isa = PBXContainerItemProxy;
			containerPortal = C2A55E112BAC5B0800FCFFD3 /* Project object */;
			proxyType = 1;
			remoteGlobalIDString = C2A55E182BAC5B0800FCFFD3;
			remoteInfo = GameBoyEmulator;
		};
/* End PBXContainerItemProxy section */

/* Begin PBXFileReference section */
		C2133E062BACE31200B45917 /* GameBoyEmulatorTests.xctest */ = {isa = PBXFileReference; explicitFileType = wrapper.cfbundle; includeInIndex = 0; path = GameBoyEmulatorTests.xctest; sourceTree = BUILT_PRODUCTS_DIR; };
		C2133E082BACE31200B45917 /* GameBoyEmulatorTests.swift */ = {isa = PBXFileReference; lastKnownFileType = sourcecode.swift; path = GameBoyEmulatorTests.swift; sourceTree = "<group>"; };
		C2133E0F2BACE66600B45917 /* GameBoyEmulator.xctestplan */ = {isa = PBXFileReference; lastKnownFileType = text; path = GameBoyEmulator.xctestplan; sourceTree = "<group>"; };
		C2A55E192BAC5B0800FCFFD3 /* GameBoyEmulator.app */ = {isa = PBXFileReference; explicitFileType = wrapper.application; includeInIndex = 0; path = GameBoyEmulator.app; sourceTree = BUILT_PRODUCTS_DIR; };
		C2A55E1C2BAC5B0800FCFFD3 /* GameBoyEmulatorApp.swift */ = {isa = PBXFileReference; lastKnownFileType = sourcecode.swift; path = GameBoyEmulatorApp.swift; sourceTree = "<group>"; };
		C2A55E202BAC5B0B00FCFFD3 /* Assets.xcassets */ = {isa = PBXFileReference; lastKnownFileType = folder.assetcatalog; path = Assets.xcassets; sourceTree = "<group>"; };
		C2A55E222BAC5B0B00FCFFD3 /* GameBoyEmulator.entitlements */ = {isa = PBXFileReference; lastKnownFileType = text.plist.entitlements; path = GameBoyEmulator.entitlements; sourceTree = "<group>"; };
		C2A55E242BAC5B0B00FCFFD3 /* Preview Assets.xcassets */ = {isa = PBXFileReference; lastKnownFileType = folder.assetcatalog; path = "Preview Assets.xcassets"; sourceTree = "<group>"; };
/* End PBXFileReference section */

/* Begin PBXFrameworksBuildPhase section */
		C2133E032BACE31200B45917 /* Frameworks */ = {
			isa = PBXFrameworksBuildPhase;
			buildActionMask = 2147483647;
			files = (
			);
			runOnlyForDeploymentPostprocessing = 0;
		};
		C2A55E162BAC5B0800FCFFD3 /* Frameworks */ = {
			isa = PBXFrameworksBuildPhase;
			buildActionMask = 2147483647;
			files = (
				C285FF5B2BAC5DC4004860D8 /* GBKit in Frameworks */,
				C285FF592BAC5C6A004860D8 /* GBKit in Frameworks */,
				C2133E012BACDB1700B45917 /* GBUIKit in Frameworks */,
			);
			runOnlyForDeploymentPostprocessing = 0;
		};
/* End PBXFrameworksBuildPhase section */

/* Begin PBXGroup section */
		C2133E072BACE31200B45917 /* GameBoyEmulatorTests */ = {
			isa = PBXGroup;
			children = (
				C2133E082BACE31200B45917 /* GameBoyEmulatorTests.swift */,
			);
			path = GameBoyEmulatorTests;
			sourceTree = "<group>";
		};
		C2A55E102BAC5B0800FCFFD3 = {
			isa = PBXGroup;
			children = (
				C2133E0F2BACE66600B45917 /* GameBoyEmulator.xctestplan */,
				C2A55E1B2BAC5B0800FCFFD3 /* GameBoyEmulator */,
				C2133E072BACE31200B45917 /* GameBoyEmulatorTests */,
				C2A55E1A2BAC5B0800FCFFD3 /* Products */,
			);
			sourceTree = "<group>";
		};
		C2A55E1A2BAC5B0800FCFFD3 /* Products */ = {
			isa = PBXGroup;
			children = (
				C2A55E192BAC5B0800FCFFD3 /* GameBoyEmulator.app */,
				C2133E062BACE31200B45917 /* GameBoyEmulatorTests.xctest */,
			);
			name = Products;
			sourceTree = "<group>";
		};
		C2A55E1B2BAC5B0800FCFFD3 /* GameBoyEmulator */ = {
			isa = PBXGroup;
			children = (
				C2A55E1C2BAC5B0800FCFFD3 /* GameBoyEmulatorApp.swift */,
				C2A55E202BAC5B0B00FCFFD3 /* Assets.xcassets */,
				C2A55E222BAC5B0B00FCFFD3 /* GameBoyEmulator.entitlements */,
				C2A55E232BAC5B0B00FCFFD3 /* Preview Content */,
			);
			path = GameBoyEmulator;
			sourceTree = "<group>";
		};
		C2A55E232BAC5B0B00FCFFD3 /* Preview Content */ = {
			isa = PBXGroup;
			children = (
				C2A55E242BAC5B0B00FCFFD3 /* Preview Assets.xcassets */,
			);
			path = "Preview Content";
			sourceTree = "<group>";
		};
/* End PBXGroup section */

/* Begin PBXNativeTarget section */
		C2133E052BACE31200B45917 /* GameBoyEmulatorTests */ = {
			isa = PBXNativeTarget;
			buildConfigurationList = C2133E0C2BACE31200B45917 /* Build configuration list for PBXNativeTarget "GameBoyEmulatorTests" */;
			buildPhases = (
				C2133E022BACE31200B45917 /* Sources */,
				C2133E032BACE31200B45917 /* Frameworks */,
				C2133E042BACE31200B45917 /* Resources */,
			);
			buildRules = (
			);
			dependencies = (
				C2133E0B2BACE31200B45917 /* PBXTargetDependency */,
			);
			name = GameBoyEmulatorTests;
			productName = GameBoyEmulatorTests;
			productReference = C2133E062BACE31200B45917 /* GameBoyEmulatorTests.xctest */;
			productType = "com.apple.product-type.bundle.unit-test";
		};
		C2A55E182BAC5B0800FCFFD3 /* GameBoyEmulator */ = {
			isa = PBXNativeTarget;
			buildConfigurationList = C2A55E3E2BAC5B0C00FCFFD3 /* Build configuration list for PBXNativeTarget "GameBoyEmulator" */;
			buildPhases = (
				C2A55E152BAC5B0800FCFFD3 /* Sources */,
				C2A55E162BAC5B0800FCFFD3 /* Frameworks */,
				C2A55E172BAC5B0800FCFFD3 /* Resources */,
			);
			buildRules = (
			);
			dependencies = (
			);
			name = GameBoyEmulator;
			packageProductDependencies = (
				C285FF582BAC5C6A004860D8 /* GBKit */,
				C285FF5A2BAC5DC4004860D8 /* GBKit */,
				C2133E002BACDB1700B45917 /* GBUIKit */,
			);
			productName = GameBoyEmulator;
			productReference = C2A55E192BAC5B0800FCFFD3 /* GameBoyEmulator.app */;
			productType = "com.apple.product-type.application";
		};
/* End PBXNativeTarget section */

/* Begin PBXProject section */
		C2A55E112BAC5B0800FCFFD3 /* Project object */ = {
			isa = PBXProject;
			attributes = {
				BuildIndependentTargetsInParallel = 1;
				LastSwiftUpdateCheck = 1520;
				LastUpgradeCheck = 1520;
				TargetAttributes = {
					C2133E052BACE31200B45917 = {
						CreatedOnToolsVersion = 15.2;
						TestTargetID = C2A55E182BAC5B0800FCFFD3;
					};
					C2A55E182BAC5B0800FCFFD3 = {
						CreatedOnToolsVersion = 15.2;
					};
				};
			};
			buildConfigurationList = C2A55E142BAC5B0800FCFFD3 /* Build configuration list for PBXProject "GameBoyEmulator" */;
			compatibilityVersion = "Xcode 14.0";
			developmentRegion = en;
			hasScannedForEncodings = 0;
			knownRegions = (
				en,
				Base,
			);
			mainGroup = C2A55E102BAC5B0800FCFFD3;
			packageReferences = (
				C285FF572BAC5C6A004860D8 /* XCLocalSwiftPackageReference "../../packages/GBKit" */,
				C2133DFF2BACDB1700B45917 /* XCLocalSwiftPackageReference "../../packages/GBUIKit" */,
			);
			productRefGroup = C2A55E1A2BAC5B0800FCFFD3 /* Products */;
			projectDirPath = "";
			projectRoot = "";
			targets = (
				C2A55E182BAC5B0800FCFFD3 /* GameBoyEmulator */,
				C2133E052BACE31200B45917 /* GameBoyEmulatorTests */,
			);
		};
/* End PBXProject section */

/* Begin PBXResourcesBuildPhase section */
		C2133E042BACE31200B45917 /* Resources */ = {
			isa = PBXResourcesBuildPhase;
			buildActionMask = 2147483647;
			files = (
			);
			runOnlyForDeploymentPostprocessing = 0;
		};
		C2A55E172BAC5B0800FCFFD3 /* Resources */ = {
			isa = PBXResourcesBuildPhase;
			buildActionMask = 2147483647;
			files = (
				C2A55E252BAC5B0B00FCFFD3 /* Preview Assets.xcassets in Resources */,
				C2A55E212BAC5B0B00FCFFD3 /* Assets.xcassets in Resources */,
			);
			runOnlyForDeploymentPostprocessing = 0;
		};
/* End PBXResourcesBuildPhase section */

/* Begin PBXSourcesBuildPhase section */
		C2133E022BACE31200B45917 /* Sources */ = {
			isa = PBXSourcesBuildPhase;
			buildActionMask = 2147483647;
			files = (
				C2133E092BACE31200B45917 /* GameBoyEmulatorTests.swift in Sources */,
			);
			runOnlyForDeploymentPostprocessing = 0;
		};
		C2A55E152BAC5B0800FCFFD3 /* Sources */ = {
			isa = PBXSourcesBuildPhase;
			buildActionMask = 2147483647;
			files = (
				C2A55E1D2BAC5B0800FCFFD3 /* GameBoyEmulatorApp.swift in Sources */,
			);
			runOnlyForDeploymentPostprocessing = 0;
		};
/* End PBXSourcesBuildPhase section */

/* Begin PBXTargetDependency section */
		C2133E0B2BACE31200B45917 /* PBXTargetDependency */ = {
			isa = PBXTargetDependency;
			target = C2A55E182BAC5B0800FCFFD3 /* GameBoyEmulator */;
			targetProxy = C2133E0A2BACE31200B45917 /* PBXContainerItemProxy */;
		};
/* End PBXTargetDependency section */

/* Begin XCBuildConfiguration section */
		C2133E0D2BACE31200B45917 /* Debug */ = {
			isa = XCBuildConfiguration;
			buildSettings = {
				BUNDLE_LOADER = "$(TEST_HOST)";
				"CODE_SIGN_IDENTITY[sdk=macosx*]" = "-";
				CODE_SIGN_STYLE = Automatic;
				CURRENT_PROJECT_VERSION = 1;
				GENERATE_INFOPLIST_FILE = YES;
				IPHONEOS_DEPLOYMENT_TARGET = 15.0;
				MACOSX_DEPLOYMENT_TARGET = 17.0;
				MARKETING_VERSION = 1.0;
				PRODUCT_BUNDLE_IDENTIFIER = marcalx.GameBoyEmulatorTests;
				PRODUCT_NAME = "$(TARGET_NAME)";
				SDKROOT = iphoneos;
				SUPPORTED_PLATFORMS = "iphoneos iphonesimulator";
				SUPPORTS_MACCATALYST = YES;
				SUPPORTS_MAC_DESIGNED_FOR_IPHONE_IPAD = NO;
				SUPPORTS_XR_DESIGNED_FOR_IPHONE_IPAD = NO;
				SWIFT_EMIT_LOC_STRINGS = NO;
				SWIFT_VERSION = 5.0;
				TARGETED_DEVICE_FAMILY = 2;
				TEST_HOST = "$(BUILT_PRODUCTS_DIR)/GameBoyEmulator.app/$(BUNDLE_EXECUTABLE_FOLDER_PATH)/GameBoyEmulator";
			};
			name = Debug;
		};
		C2133E0E2BACE31200B45917 /* Release */ = {
			isa = XCBuildConfiguration;
			buildSettings = {
				BUNDLE_LOADER = "$(TEST_HOST)";
				"CODE_SIGN_IDENTITY[sdk=macosx*]" = "-";
				CODE_SIGN_STYLE = Automatic;
				CURRENT_PROJECT_VERSION = 1;
				GENERATE_INFOPLIST_FILE = YES;
				IPHONEOS_DEPLOYMENT_TARGET = 15.0;
				MACOSX_DEPLOYMENT_TARGET = 17.0;
				MARKETING_VERSION = 1.0;
				PRODUCT_BUNDLE_IDENTIFIER = marcalx.GameBoyEmulatorTests;
				PRODUCT_NAME = "$(TARGET_NAME)";
				SDKROOT = iphoneos;
				SUPPORTED_PLATFORMS = "iphoneos iphonesimulator";
				SUPPORTS_MACCATALYST = YES;
				SUPPORTS_MAC_DESIGNED_FOR_IPHONE_IPAD = NO;
				SUPPORTS_XR_DESIGNED_FOR_IPHONE_IPAD = NO;
				SWIFT_EMIT_LOC_STRINGS = NO;
				SWIFT_VERSION = 5.0;
				TARGETED_DEVICE_FAMILY = 2;
				TEST_HOST = "$(BUILT_PRODUCTS_DIR)/GameBoyEmulator.app/$(BUNDLE_EXECUTABLE_FOLDER_PATH)/GameBoyEmulator";
				VALIDATE_PRODUCT = YES;
			};
			name = Release;
		};
		C2A55E3C2BAC5B0C00FCFFD3 /* Debug */ = {
			isa = XCBuildConfiguration;
			buildSettings = {
				ALWAYS_SEARCH_USER_PATHS = NO;
				ASSETCATALOG_COMPILER_GENERATE_SWIFT_ASSET_SYMBOL_EXTENSIONS = YES;
				CLANG_ANALYZER_NONNULL = YES;
				CLANG_ANALYZER_NUMBER_OBJECT_CONVERSION = YES_AGGRESSIVE;
				CLANG_CXX_LANGUAGE_STANDARD = "gnu++20";
				CLANG_ENABLE_MODULES = YES;
				CLANG_ENABLE_OBJC_ARC = YES;
				CLANG_ENABLE_OBJC_WEAK = YES;
				CLANG_WARN_BLOCK_CAPTURE_AUTORELEASING = YES;
				CLANG_WARN_BOOL_CONVERSION = YES;
				CLANG_WARN_COMMA = YES;
				CLANG_WARN_CONSTANT_CONVERSION = YES;
				CLANG_WARN_DEPRECATED_OBJC_IMPLEMENTATIONS = YES;
				CLANG_WARN_DIRECT_OBJC_ISA_USAGE = YES_ERROR;
				CLANG_WARN_DOCUMENTATION_COMMENTS = YES;
				CLANG_WARN_EMPTY_BODY = YES;
				CLANG_WARN_ENUM_CONVERSION = YES;
				CLANG_WARN_INFINITE_RECURSION = YES;
				CLANG_WARN_INT_CONVERSION = YES;
				CLANG_WARN_NON_LITERAL_NULL_CONVERSION = YES;
				CLANG_WARN_OBJC_IMPLICIT_RETAIN_SELF = YES;
				CLANG_WARN_OBJC_LITERAL_CONVERSION = YES;
				CLANG_WARN_OBJC_ROOT_CLASS = YES_ERROR;
				CLANG_WARN_QUOTED_INCLUDE_IN_FRAMEWORK_HEADER = YES;
				CLANG_WARN_RANGE_LOOP_ANALYSIS = YES;
				CLANG_WARN_STRICT_PROTOTYPES = YES;
				CLANG_WARN_SUSPICIOUS_MOVE = YES;
				CLANG_WARN_UNGUARDED_AVAILABILITY = YES_AGGRESSIVE;
				CLANG_WARN_UNREACHABLE_CODE = YES;
				CLANG_WARN__DUPLICATE_METHOD_MATCH = YES;
				COPY_PHASE_STRIP = NO;
				DEBUG_INFORMATION_FORMAT = dwarf;
				ENABLE_STRICT_OBJC_MSGSEND = YES;
				ENABLE_TESTABILITY = YES;
				ENABLE_USER_SCRIPT_SANDBOXING = YES;
				GCC_C_LANGUAGE_STANDARD = gnu17;
				GCC_DYNAMIC_NO_PIC = NO;
				GCC_NO_COMMON_BLOCKS = YES;
				GCC_OPTIMIZATION_LEVEL = 0;
				GCC_PREPROCESSOR_DEFINITIONS = (
					"DEBUG=1",
					"$(inherited)",
				);
				GCC_WARN_64_TO_32_BIT_CONVERSION = YES;
				GCC_WARN_ABOUT_RETURN_TYPE = YES_ERROR;
				GCC_WARN_UNDECLARED_SELECTOR = YES;
				GCC_WARN_UNINITIALIZED_AUTOS = YES_AGGRESSIVE;
				GCC_WARN_UNUSED_FUNCTION = YES;
				GCC_WARN_UNUSED_VARIABLE = YES;
				IPHONEOS_DEPLOYMENT_TARGET = 17.0;
				LOCALIZATION_PREFERS_STRING_CATALOGS = YES;
				MACOSX_DEPLOYMENT_TARGET = "$(RECOMMENDED_MACOSX_DEPLOYMENT_TARGET)";
				MTL_ENABLE_DEBUG_INFO = INCLUDE_SOURCE;
				MTL_FAST_MATH = YES;
				ONLY_ACTIVE_ARCH = YES;
				SWIFT_ACTIVE_COMPILATION_CONDITIONS = "DEBUG $(inherited)";
				SWIFT_OPTIMIZATION_LEVEL = "-Onone";
			};
			name = Debug;
		};
		C2A55E3D2BAC5B0C00FCFFD3 /* Release */ = {
			isa = XCBuildConfiguration;
			buildSettings = {
				ALWAYS_SEARCH_USER_PATHS = NO;
				ASSETCATALOG_COMPILER_GENERATE_SWIFT_ASSET_SYMBOL_EXTENSIONS = YES;
				CLANG_ANALYZER_NONNULL = YES;
				CLANG_ANALYZER_NUMBER_OBJECT_CONVERSION = YES_AGGRESSIVE;
				CLANG_CXX_LANGUAGE_STANDARD = "gnu++20";
				CLANG_ENABLE_MODULES = YES;
				CLANG_ENABLE_OBJC_ARC = YES;
				CLANG_ENABLE_OBJC_WEAK = YES;
				CLANG_WARN_BLOCK_CAPTURE_AUTORELEASING = YES;
				CLANG_WARN_BOOL_CONVERSION = YES;
				CLANG_WARN_COMMA = YES;
				CLANG_WARN_CONSTANT_CONVERSION = YES;
				CLANG_WARN_DEPRECATED_OBJC_IMPLEMENTATIONS = YES;
				CLANG_WARN_DIRECT_OBJC_ISA_USAGE = YES_ERROR;
				CLANG_WARN_DOCUMENTATION_COMMENTS = YES;
				CLANG_WARN_EMPTY_BODY = YES;
				CLANG_WARN_ENUM_CONVERSION = YES;
				CLANG_WARN_INFINITE_RECURSION = YES;
				CLANG_WARN_INT_CONVERSION = YES;
				CLANG_WARN_NON_LITERAL_NULL_CONVERSION = YES;
				CLANG_WARN_OBJC_IMPLICIT_RETAIN_SELF = YES;
				CLANG_WARN_OBJC_LITERAL_CONVERSION = YES;
				CLANG_WARN_OBJC_ROOT_CLASS = YES_ERROR;
				CLANG_WARN_QUOTED_INCLUDE_IN_FRAMEWORK_HEADER = YES;
				CLANG_WARN_RANGE_LOOP_ANALYSIS = YES;
				CLANG_WARN_STRICT_PROTOTYPES = YES;
				CLANG_WARN_SUSPICIOUS_MOVE = YES;
				CLANG_WARN_UNGUARDED_AVAILABILITY = YES_AGGRESSIVE;
				CLANG_WARN_UNREACHABLE_CODE = YES;
				CLANG_WARN__DUPLICATE_METHOD_MATCH = YES;
				COPY_PHASE_STRIP = NO;
				DEBUG_INFORMATION_FORMAT = "dwarf-with-dsym";
				ENABLE_NS_ASSERTIONS = NO;
				ENABLE_STRICT_OBJC_MSGSEND = YES;
				ENABLE_USER_SCRIPT_SANDBOXING = YES;
				GCC_C_LANGUAGE_STANDARD = gnu17;
				GCC_NO_COMMON_BLOCKS = YES;
				GCC_WARN_64_TO_32_BIT_CONVERSION = YES;
				GCC_WARN_ABOUT_RETURN_TYPE = YES_ERROR;
				GCC_WARN_UNDECLARED_SELECTOR = YES;
				GCC_WARN_UNINITIALIZED_AUTOS = YES_AGGRESSIVE;
				GCC_WARN_UNUSED_FUNCTION = YES;
				GCC_WARN_UNUSED_VARIABLE = YES;
				IPHONEOS_DEPLOYMENT_TARGET = 17.0;
				LOCALIZATION_PREFERS_STRING_CATALOGS = YES;
				MACOSX_DEPLOYMENT_TARGET = "$(RECOMMENDED_MACOSX_DEPLOYMENT_TARGET)";
				MTL_ENABLE_DEBUG_INFO = NO;
				MTL_FAST_MATH = YES;
				SWIFT_COMPILATION_MODE = wholemodule;
			};
			name = Release;
		};
		C2A55E3F2BAC5B0C00FCFFD3 /* Debug */ = {
			isa = XCBuildConfiguration;
			buildSettings = {
				ASSETCATALOG_COMPILER_APPICON_NAME = AppIcon;
				ASSETCATALOG_COMPILER_GLOBAL_ACCENT_COLOR_NAME = AccentColor;
				CODE_SIGN_ENTITLEMENTS = GameBoyEmulator/GameBoyEmulator.entitlements;
				"CODE_SIGN_IDENTITY[sdk=macosx*]" = "-";
				CODE_SIGN_STYLE = Automatic;
				CURRENT_PROJECT_VERSION = 1;
				DEVELOPMENT_ASSET_PATHS = "\"GameBoyEmulator/Preview Content\"";
				ENABLE_PREVIEWS = YES;
				GENERATE_INFOPLIST_FILE = YES;
				"INFOPLIST_KEY_UIApplicationSceneManifest_Generation[sdk=iphoneos*]" = YES;
				"INFOPLIST_KEY_UIApplicationSceneManifest_Generation[sdk=iphonesimulator*]" = YES;
				"INFOPLIST_KEY_UIApplicationSupportsIndirectInputEvents[sdk=iphoneos*]" = YES;
				"INFOPLIST_KEY_UIApplicationSupportsIndirectInputEvents[sdk=iphonesimulator*]" = YES;
				"INFOPLIST_KEY_UILaunchScreen_Generation[sdk=iphoneos*]" = YES;
				"INFOPLIST_KEY_UILaunchScreen_Generation[sdk=iphonesimulator*]" = YES;
				"INFOPLIST_KEY_UIStatusBarStyle[sdk=iphoneos*]" = UIStatusBarStyleDefault;
				"INFOPLIST_KEY_UIStatusBarStyle[sdk=iphonesimulator*]" = UIStatusBarStyleDefault;
				INFOPLIST_KEY_UISupportedInterfaceOrientations_iPad = "UIInterfaceOrientationPortrait UIInterfaceOrientationPortraitUpsideDown UIInterfaceOrientationLandscapeLeft UIInterfaceOrientationLandscapeRight";
				INFOPLIST_KEY_UISupportedInterfaceOrientations_iPhone = "UIInterfaceOrientationPortrait UIInterfaceOrientationLandscapeLeft UIInterfaceOrientationLandscapeRight";
				IPHONEOS_DEPLOYMENT_TARGET = 17.0;
				LD_RUNPATH_SEARCH_PATHS = "@executable_path/Frameworks";
				"LD_RUNPATH_SEARCH_PATHS[sdk=macosx*]" = "@executable_path/../Frameworks";
				MACOSX_DEPLOYMENT_TARGET = 14.0;
				MARKETING_VERSION = 1.0;
				PRODUCT_BUNDLE_IDENTIFIER = marcalx.GameBoyEmulator;
				PRODUCT_NAME = "$(TARGET_NAME)";
				SDKROOT = auto;
				SUPPORTED_PLATFORMS = "iphoneos iphonesimulator";
				SUPPORTS_MACCATALYST = YES;
				SWIFT_EMIT_LOC_STRINGS = YES;
				SWIFT_VERSION = 5.0;
				TARGETED_DEVICE_FAMILY = "1,2";
			};
			name = Debug;
		};
		C2A55E402BAC5B0C00FCFFD3 /* Release */ = {
			isa = XCBuildConfiguration;
			buildSettings = {
				ASSETCATALOG_COMPILER_APPICON_NAME = AppIcon;
				ASSETCATALOG_COMPILER_GLOBAL_ACCENT_COLOR_NAME = AccentColor;
				CODE_SIGN_ENTITLEMENTS = GameBoyEmulator/GameBoyEmulator.entitlements;
				"CODE_SIGN_IDENTITY[sdk=macosx*]" = "-";
				CODE_SIGN_STYLE = Automatic;
				CURRENT_PROJECT_VERSION = 1;
				DEVELOPMENT_ASSET_PATHS = "\"GameBoyEmulator/Preview Content\"";
				ENABLE_PREVIEWS = YES;
				GENERATE_INFOPLIST_FILE = YES;
				"INFOPLIST_KEY_UIApplicationSceneManifest_Generation[sdk=iphoneos*]" = YES;
				"INFOPLIST_KEY_UIApplicationSceneManifest_Generation[sdk=iphonesimulator*]" = YES;
				"INFOPLIST_KEY_UIApplicationSupportsIndirectInputEvents[sdk=iphoneos*]" = YES;
				"INFOPLIST_KEY_UIApplicationSupportsIndirectInputEvents[sdk=iphonesimulator*]" = YES;
				"INFOPLIST_KEY_UILaunchScreen_Generation[sdk=iphoneos*]" = YES;
				"INFOPLIST_KEY_UILaunchScreen_Generation[sdk=iphonesimulator*]" = YES;
				"INFOPLIST_KEY_UIStatusBarStyle[sdk=iphoneos*]" = UIStatusBarStyleDefault;
				"INFOPLIST_KEY_UIStatusBarStyle[sdk=iphonesimulator*]" = UIStatusBarStyleDefault;
				INFOPLIST_KEY_UISupportedInterfaceOrientations_iPad = "UIInterfaceOrientationPortrait UIInterfaceOrientationPortraitUpsideDown UIInterfaceOrientationLandscapeLeft UIInterfaceOrientationLandscapeRight";
				INFOPLIST_KEY_UISupportedInterfaceOrientations_iPhone = "UIInterfaceOrientationPortrait UIInterfaceOrientationLandscapeLeft UIInterfaceOrientationLandscapeRight";
				IPHONEOS_DEPLOYMENT_TARGET = 17.0;
				LD_RUNPATH_SEARCH_PATHS = "@executable_path/Frameworks";
				"LD_RUNPATH_SEARCH_PATHS[sdk=macosx*]" = "@executable_path/../Frameworks";
				MACOSX_DEPLOYMENT_TARGET = 14.0;
				MARKETING_VERSION = 1.0;
				PRODUCT_BUNDLE_IDENTIFIER = marcalx.GameBoyEmulator;
				PRODUCT_NAME = "$(TARGET_NAME)";
				SDKROOT = auto;
				SUPPORTED_PLATFORMS = "iphoneos iphonesimulator";
				SUPPORTS_MACCATALYST = YES;
				SWIFT_EMIT_LOC_STRINGS = YES;
				SWIFT_VERSION = 5.0;
				TARGETED_DEVICE_FAMILY = "1,2";
			};
			name = Release;
		};
/* End XCBuildConfiguration section */

/* Begin XCConfigurationList section */
		C2133E0C2BACE31200B45917 /* Build configuration list for PBXNativeTarget "GameBoyEmulatorTests" */ = {
			isa = XCConfigurationList;
			buildConfigurations = (
				C2133E0D2BACE31200B45917 /* Debug */,
				C2133E0E2BACE31200B45917 /* Release */,
			);
			defaultConfigurationIsVisible = 0;
			defaultConfigurationName = Release;
		};
		C2A55E142BAC5B0800FCFFD3 /* Build configuration list for PBXProject "GameBoyEmulator" */ = {
			isa = XCConfigurationList;
			buildConfigurations = (
				C2A55E3C2BAC5B0C00FCFFD3 /* Debug */,
				C2A55E3D2BAC5B0C00FCFFD3 /* Release */,
			);
			defaultConfigurationIsVisible = 0;
			defaultConfigurationName = Release;
		};
		C2A55E3E2BAC5B0C00FCFFD3 /* Build configuration list for PBXNativeTarget "GameBoyEmulator" */ = {
			isa = XCConfigurationList;
			buildConfigurations = (
				C2A55E3F2BAC5B0C00FCFFD3 /* Debug */,
				C2A55E402BAC5B0C00FCFFD3 /* Release */,
			);
			defaultConfigurationIsVisible = 0;
			defaultConfigurationName = Release;
		};
/* End XCConfigurationList section */

/* Begin XCLocalSwiftPackageReference section */
		C2133DFF2BACDB1700B45917 /* XCLocalSwiftPackageReference "../../packages/GBUIKit" */ = {
			isa = XCLocalSwiftPackageReference;
			relativePath = ../../packages/GBUIKit;
		};
		C285FF572BAC5C6A004860D8 /* XCLocalSwiftPackageReference "../../packages/GBKit" */ = {
			isa = XCLocalSwiftPackageReference;
			relativePath = ../../packages/GBKit;
		};
/* End XCLocalSwiftPackageReference section */

/* Begin XCSwiftPackageProductDependency section */
		C2133E002BACDB1700B45917 /* GBUIKit */ = {
			isa = XCSwiftPackageProductDependency;
			productName = GBUIKit;
		};
		C285FF582BAC5C6A004860D8 /* GBKit */ = {
			isa = XCSwiftPackageProductDependency;
			productName = GBKit;
		};
		C285FF5A2BAC5DC4004860D8 /* GBKit */ = {
			isa = XCSwiftPackageProductDependency;
			productName = GBKit;
		};
/* End XCSwiftPackageProductDependency section */
	};
	rootObject = C2A55E112BAC5B0800FCFFD3 /* Project object */;
}
